
Microsoft Visual Studio Solution File, Format Version 12.00
# Visual Studio 15
VisualStudioVersion = 15.0.27130.2024
MinimumVisualStudioVersion = 10.0.40219.1
Project("{9A19103F-16F7-4668-BE54-9A1E7A4F7556}") = "NewTest", "NewTest.csproj", "{D3847BD7-DD65-4D4E-949D-DFA693F12146}"
EndProject
Global
	GlobalSection(SolutionConfigurationPlatforms) = preSolution
		Debug|Any CPU = Debug|Any CPU
		Release|Any CPU = Release|Any CPU
	EndGlobalSection
	GlobalSection(ProjectConfigurationPlatforms) = postSolution
		{D3847BD7-DD65-4D4E-949D-DFA693F12146}.Debug|Any CPU.ActiveCfg = Debug|Any CPU
		{D3847BD7-DD65-4D4E-949D-DFA693F12146}.Debug|Any CPU.Build.0 = Debug|Any CPU
		{D3847BD7-DD65-4D4E-949D-DFA693F12146}.Release|Any CPU.ActiveCfg = Release|Any CPU
		{D3847BD7-DD65-4D4E-949D-DFA693F12146}.Release|Any CPU.Build.0 = Release|Any CPU
	EndGlobalSection
	GlobalSection(SolutionProperties) = preSolution
		HideSolutionNode = FALSE
	EndGlobalSection
	GlobalSection(ExtensibilityGlobals) = postSolution
		SolutionGuid = {5422F041-B088-48A5-86D8-F9EEFAF1EF50}
	EndGlobalSection
EndGlobal
